
Microsoft Visual Studio Solution File, Format Version 12.00
# Visual Studio 15
Project("{FAE04EC0-301F-11D3-BF4B-00C04F79EFBC}") = "app", "app.csproj", "{2D250D8D-F27B-4A6E-A697-B3B821646143}"
EndProject
Global
	GlobalSection(SolutionConfigurationPlatforms) = preSolution
		Debug|Any CPU = Debug|Any CPU
		Release|Any CPU = Release|Any CPU
	EndGlobalSection
	GlobalSection(ProjectConfigurationPlatforms) = postSolution
		{2D250D8D-F27B-4A6E-A697-B3B821646143}.Debug|Any CPU.ActiveCfg = Debug|Any CPU
		{2D250D8D-F27B-4A6E-A697-B3B821646143}.Debug|Any CPU.Build.0 = Debug|Any CPU
		{2D250D8D-F27B-4A6E-A697-B3B821646143}.Release|Any CPU.ActiveCfg = Release|Any CPU
		{2D250D8D-F27B-4A6E-A697-B3B821646143}.Release|Any CPU.Build.0 = Release|Any CPU
	EndGlobalSection
EndGlobal
